
Microsoft Visual Studio Solution File, Format Version 12.00
# Visual Studio Version 17
VisualStudioVersion = 17.11.35222.181
MinimumVisualStudioVersion = 10.0.40219.1
Project("{FAE04EC0-301F-11D3-BF4B-00C04F79EFBC}") = "LibraryManagementSystem", "LibraryManagementSystem\LibraryManagementSystem.csproj", "{1EB6EA4B-BC86-4777-953A-A73D942B55CB}"
EndProject
Global
	GlobalSection(SolutionConfigurationPlatforms) = preSolution
		Debug|Any CPU = Debug|Any CPU
		Release|Any CPU = Release|Any CPU
	EndGlobalSection
	GlobalSection(ProjectConfigurationPlatforms) = postSolution
		{1EB6EA4B-BC86-4777-953A-A73D942B55CB}.Debug|Any CPU.ActiveCfg = Debug|Any CPU
		{1EB6EA4B-BC86-4777-953A-A73D942B55CB}.Debug|Any CPU.Build.0 = Debug|Any CPU
		{1EB6EA4B-BC86-4777-953A-A73D942B55CB}.Release|Any CPU.ActiveCfg = Release|Any CPU
		{1EB6EA4B-BC86-4777-953A-A73D942B55CB}.Release|Any CPU.Build.0 = Release|Any CPU
	EndGlobalSection
	GlobalSection(SolutionProperties) = preSolution
		HideSolutionNode = FALSE
	EndGlobalSection
	GlobalSection(ExtensibilityGlobals) = postSolution
		SolutionGuid = {09B5A2A9-E316-44A4-BA96-BACB225E1828}
	EndGlobalSection
EndGlobal
